
Microsoft Visual Studio Solution File, Format Version 12.00
# Visual Studio Version 17
VisualStudioVersion = 17.9.34728.123
MinimumVisualStudioVersion = 10.0.40219.1
Project("{FAE04EC0-301F-11D3-BF4B-00C04F79EFBC}") = "AnastasiaIlinaKT-31-21", "AnastasiaIlinaKT-31-21\AnastasiaIlinaKT-31-21.csproj", "{7413D368-05F7-42B5-B7F5-1F03BAD668AA}"
EndProject
Global
	GlobalSection(SolutionConfigurationPlatforms) = preSolution
		Debug|Any CPU = Debug|Any CPU
		Release|Any CPU = Release|Any CPU
	EndGlobalSection
	GlobalSection(ProjectConfigurationPlatforms) = postSolution
		{7413D368-05F7-42B5-B7F5-1F03BAD668AA}.Debug|Any CPU.ActiveCfg = Debug|Any CPU
		{7413D368-05F7-42B5-B7F5-1F03BAD668AA}.Debug|Any CPU.Build.0 = Debug|Any CPU
		{7413D368-05F7-42B5-B7F5-1F03BAD668AA}.Release|Any CPU.ActiveCfg = Release|Any CPU
		{7413D368-05F7-42B5-B7F5-1F03BAD668AA}.Release|Any CPU.Build.0 = Release|Any CPU
	EndGlobalSection
	GlobalSection(SolutionProperties) = preSolution
		HideSolutionNode = FALSE
	EndGlobalSection
	GlobalSection(ExtensibilityGlobals) = postSolution
		SolutionGuid = {06C0F25A-61BB-44CF-852B-2F62D260784C}
	EndGlobalSection
EndGlobal
